{
    "_readme": [
        "This file locks the dependencies of your project to a known state",
        "Read more about it at https://getcomposer.org/doc/01-basic-usage.md#installing-dependencies",
        "This file is @generated automatically"
    ],
    "content-hash": "85ef9b25104fbc4db239656729a49ae6",
    "packages": [
        {
            "name": "idealo/php-rdkafka-ffi",
            "version": "v0.5.0",
            "source": {
                "type": "git",
                "url": "git@github.com:idealo/php-rdkafka-ffi.git",
                "reference": "18d49e21d77da8d5ac37327433a0b44bece36ab6"
            },
            "dist": {
                "type": "zip",
                "url": "https://api.github.com/repos/idealo/php-rdkafka-ffi/zipball/18d49e21d77da8d5ac37327433a0b44bece36ab6",
                "reference": "18d49e21d77da8d5ac37327433a0b44bece36ab6",
                "shasum": ""
            },
            "require": {
                "ext-ffi": "*",
                "php": "^7.4 || ^8.0"
            },
            "conflict": {
                "ext-rdkafka": "*"
            },
            "require-dev": {
                "composer/semver": "^3.2",
                "ircmaxell/php-c-parser": "dev-master#fd8f5efefd0fcc6c5119d945694acaa3a6790ada",
                "klitsche/dog": "^0.4",
                "klitsche/ffigen": "0.8.1",
                "phpbench/phpbench": "^1.1",
                "phpunit/phpunit": "^9.4",
                "symfony/css-selector": "^5.1",
                "symfony/dom-crawler": "^5.1",
                "symplify/easy-coding-standard": "^10.0"
            },
            "suggest": {
                "ext-pcntl": "*",
                "ext-zend opcache": "*"
            },
            "type": "library",
            "autoload": {
                "files": [
                    "src/constants.php",
                    "src/functions.php"
                ],
                "psr-4": {
                    "": "src/"
                }
            },
            "notification-url": "https://packagist.org/downloads/",
            "license": [
                "Apache-2.0"
            ],
            "authors": [
                {
                    "name": "Dirk Adler",
                    "email": "dirk.adler@idealo.de"
                }
            ],
            "description": "PHP Kafka client - binding librdkafka via FFI",
            "keywords": [
                "client",
                "ffi",
                "kafka",
                "librdkafka",
                "php"
            ],
            "time": "2023-01-21T20:47:01+00:00"
        }
    ],
    "packages-dev": [],
    "aliases": [],
    "minimum-stability": "stable",
    "stability-flags": [],
    "prefer-stable": false,
    "prefer-lowest": false,
    "platform": {
        "php": "^8.0"
    },
    "platform-dev": [],
    "plugin-api-version": "2.6.0"
}
